// !$*UTF8*$!
{
	archiveVersion = 1;
	classes = {
	};
	objectVersion = 50;
	objects = {

/* Begin PBXBuildFile section */
		C71FAF912660E6FF00CDBCAF /* AppDelegate.m in Sources */ = {isa = PBXBuildFile; fileRef = C71FAF902660E6FF00CDBCAF /* AppDelegate.m */; };
		C71FAF942660E6FF00CDBCAF /* SceneDelegate.m in Sources */ = {isa = PBXBuildFile; fileRef = C71FAF932660E6FF00CDBCAF /* SceneDelegate.m */; };
		C71FAF972660E6FF00CDBCAF /* ViewController.m in Sources */ = {isa = PBXBuildFile; fileRef = C71FAF962660E6FF00CDBCAF /* ViewController.m */; };
		C71FAF9A2660E6FF00CDBCAF /* Main.storyboard in Resources */ = {isa = PBXBuildFile; fileRef = C71FAF982660E6FF00CDBCAF /* Main.storyboard */; };
		C71FAF9C2660E70200CDBCAF /* Assets.xcassets in Resources */ = {isa = PBXBuildFile; fileRef = C71FAF9B2660E70200CDBCAF /* Assets.xcassets */; };
		C71FAF9F2660E70200CDBCAF /* LaunchScreen.storyboard in Resources */ = {isa = PBXBuildFile; fileRef = C71FAF9D2660E70200CDBCAF /* LaunchScreen.storyboard */; };
		C71FAFA22660E70200CDBCAF /* main.m in Sources */ = {isa = PBXBuildFile; fileRef = C71FAFA12660E70200CDBCAF /* main.m */; };
/* End PBXBuildFile section */

/* Begin PBXFileReference section */
		C71FAF8C2660E6FF00CDBCAF /* testLib.app */ = {isa = PBXFileReference; explicitFileType = wrapper.application; includeInIndex = 0; path = testLib.app; sourceTree = BUILT_PRODUCTS_DIR; };
		C71FAF8F2660E6FF00CDBCAF /* AppDelegate.h */ = {isa = PBXFileReference; lastKnownFileType = sourcecode.c.h; path = AppDelegate.h; sourceTree = "<group>"; };
		C71FAF902660E6FF00CDBCAF /* AppDelegate.m */ = {isa = PBXFileReference; lastKnownFileType = sourcecode.c.objc; path = AppDelegate.m; sourceTree = "<group>"; };
		C71FAF922660E6FF00CDBCAF /* SceneDelegate.h */ = {isa = PBXFileReference; lastKnownFileType = sourcecode.c.h; path = SceneDelegate.h; sourceTree = "<group>"; };
		C71FAF932660E6FF00CDBCAF /* SceneDelegate.m */ = {isa = PBXFileReference; lastKnownFileType = sourcecode.c.objc; path = SceneDelegate.m; sourceTree = "<group>"; };
		C71FAF952660E6FF00CDBCAF /* ViewController.h */ = {isa = PBXFileReference; lastKnownFileType = sourcecode.c.h; path = ViewController.h; sourceTree = "<group>"; };
		C71FAF962660E6FF00CDBCAF /* ViewController.m */ = {isa = PBXFileReference; lastKnownFileType = sourcecode.c.objc; path = ViewController.m; sourceTree = "<group>"; };
		C71FAF992660E6FF00CDBCAF /* Base */ = {isa = PBXFileReference; lastKnownFileType = file.storyboard; name = Base; path = Base.lproj/Main.storyboard; sourceTree = "<group>"; };
		C71FAF9B2660E70200CDBCAF /* Assets.xcassets */ = {isa = PBXFileReference; lastKnownFileType = folder.assetcatalog; path = Assets.xcassets; sourceTree = "<group>"; };
		C71FAF9E2660E70200CDBCAF /* Base */ = {isa = PBXFileReference; lastKnownFileType = file.storyboard; name = Base; path = Base.lproj/LaunchScreen.storyboard; sourceTree = "<group>"; };
		C71FAFA02660E70200CDBCAF /* Info.plist */ = {isa = PBXFileReference; lastKnownFileType = text.plist.xml; path = Info.plist; sourceTree = "<group>"; };
		C71FAFA12660E70200CDBCAF /* main.m */ = {isa = PBXFileReference; lastKnownFileType = sourcecode.c.objc; path = main.m; sourceTree = "<group>"; };
/* End PBXFileReference section */

/* Begin PBXFrameworksBuildPhase section */
		C71FAF892660E6FF00CDBCAF /* Frameworks */ = {
			isa = PBXFrameworksBuildPhase;
			buildActionMask = 2147483647;
			files = (
			);
			runOnlyForDeploymentPostprocessing = 0;
		};
/* End PBXFrameworksBuildPhase section */

/* Begin PBXGroup section */
		C71FAF832660E6FF00CDBCAF = {
			isa = PBXGroup;
			children = (
				C71FAF8E2660E6FF00CDBCAF /* testLib */,
				C71FAF8D2660E6FF00CDBCAF /* Products */,
			);
			sourceTree = "<group>";
		};
		C71FAF8D2660E6FF00CDBCAF /* Products */ = {
			isa = PBXGroup;
			children = (
				C71FAF8C2660E6FF00CDBCAF /* testLib.app */,
			);
			name = Products;
			sourceTree = "<group>";
		};
		C71FAF8E2660E6FF00CDBCAF /* testLib */ = {
			isa = PBXGroup;
			children = (
				C71FAF8F2660E6FF00CDBCAF /* AppDelegate.h */,
				C71FAF902660E6FF00CDBCAF /* AppDelegate.m */,
				C71FAF922660E6FF00CDBCAF /* SceneDelegate.h */,
				C71FAF932660E6FF00CDBCAF /* SceneDelegate.m */,
				C71FAF952660E6FF00CDBCAF /* ViewController.h */,
				C71FAF962660E6FF00CDBCAF /* ViewController.m */,
				C71FAF982660E6FF00CDBCAF /* Main.storyboard */,
				C71FAF9B2660E70200CDBCAF /* Assets.xcassets */,
				C71FAF9D2660E70200CDBCAF /* LaunchScreen.storyboard */,
				C71FAFA02660E70200CDBCAF /* Info.plist */,
				C71FAFA12660E70200CDBCAF /* main.m */,
			);
			path = testLib;
			sourceTree = "<group>";
		};
/* End PBXGroup section */

/* Begin PBXNativeTarget section */
		C71FAF8B2660E6FF00CDBCAF /* testLib */ = {
			isa = PBXNativeTarget;
			buildConfigurationList = C71FAFA52660E70200CDBCAF /* Build configuration list for PBXNativeTarget "testLib" */;
			buildPhases = (
				C71FAF882660E6FF00CDBCAF /* Sources */,
				C71FAF892660E6FF00CDBCAF /* Frameworks */,
				C71FAF8A2660E6FF00CDBCAF /* Resources */,
			);
			buildRules = (
			);
			dependencies = (
			);
			name = testLib;
			productName = testLib;
			productReference = C71FAF8C2660E6FF00CDBCAF /* testLib.app */;
			productType = "com.apple.product-type.application";
		};
/* End PBXNativeTarget section */

/* Begin PBXProject section */
		C71FAF842660E6FF00CDBCAF /* Project object */ = {
			isa = PBXProject;
			attributes = {
				LastUpgradeCheck = 1240;
				TargetAttributes = {
					C71FAF8B2660E6FF00CDBCAF = {
						CreatedOnToolsVersion = 12.4;
					};
				};
			};
			buildConfigurationList = C71FAF872660E6FF00CDBCAF /* Build configuration list for PBXProject "testLib" */;
			compatibilityVersion = "Xcode 9.3";
			developmentRegion = en;
			hasScannedForEncodings = 0;
			knownRegions = (
				en,
				Base,
			);
			mainGroup = C71FAF832660E6FF00CDBCAF;
			productRefGroup = C71FAF8D2660E6FF00CDBCAF /* Products */;
			projectDirPath = "";
			projectRoot = "";
			targets = (
				C71FAF8B2660E6FF00CDBCAF /* testLib */,
			);
		};
/* End PBXProject section */

/* Begin PBXResourcesBuildPhase section */
		C71FAF8A2660E6FF00CDBCAF /* Resources */ = {
			isa = PBXResourcesBuildPhase;
			buildActionMask = 2147483647;
			files = (
				C71FAF9F2660E70200CDBCAF /* LaunchScreen.storyboard in Resources */,
				C71FAF9C2660E70200CDBCAF /* Assets.xcassets in Resources */,
				C71FAF9A2660E6FF00CDBCAF /* Main.storyboard in Resources */,
			);
			runOnlyForDeploymentPostprocessing = 0;
		};
/* End PBXResourcesBuildPhase section */

/* Begin PBXSourcesBuildPhase section */
		C71FAF882660E6FF00CDBCAF /* Sources */ = {
			isa = PBXSourcesBuildPhase;
			buildActionMask = 2147483647;
			files = (
				C71FAF972660E6FF00CDBCAF /* ViewController.m in Sources */,
				C71FAF912660E6FF00CDBCAF /* AppDelegate.m in Sources */,
				C71FAFA22660E70200CDBCAF /* main.m in Sources */,
				C71FAF942660E6FF00CDBCAF /* SceneDelegate.m in Sources */,
			);
			runOnlyForDeploymentPostprocessing = 0;
		};
/* End PBXSourcesBuildPhase section */

/* Begin PBXVariantGroup section */
		C71FAF982660E6FF00CDBCAF /* Main.storyboard */ = {
			isa = PBXVariantGroup;
			children = (
				C71FAF992660E6FF00CDBCAF /* Base */,
			);
			name = Main.storyboard;
			sourceTree = "<group>";
		};
		C71FAF9D2660E70200CDBCAF /* LaunchScreen.storyboard */ = {
			isa = PBXVariantGroup;
			children = (
				C71FAF9E2660E70200CDBCAF /* Base */,
			);
			name = LaunchScreen.storyboard;
			sourceTree = "<group>";
		};
/* End PBXVariantGroup section */

/* Begin XCBuildConfiguration section */
		C71FAFA32660E70200CDBCAF /* Debug */ = {
			isa = XCBuildConfiguration;
			buildSettings = {
				ALWAYS_SEARCH_USER_PATHS = NO;
				CLANG_ANALYZER_NONNULL = YES;
				CLANG_ANALYZER_NUMBER_OBJECT_CONVERSION = YES_AGGRESSIVE;
				CLANG_CXX_LANGUAGE_STANDARD = "gnu++14";
				CLANG_CXX_LIBRARY = "libc++";
				CLANG_ENABLE_MODULES = YES;
				CLANG_ENABLE_OBJC_ARC = YES;
				CLANG_ENABLE_OBJC_WEAK = YES;
				CLANG_WARN_BLOCK_CAPTURE_AUTORELEASING = YES;
				CLANG_WARN_BOOL_CONVERSION = YES;
				CLANG_WARN_COMMA = YES;
				CLANG_WARN_CONSTANT_CONVERSION = YES;
				CLANG_WARN_DEPRECATED_OBJC_IMPLEMENTATIONS = YES;
				CLANG_WARN_DIRECT_OBJC_ISA_USAGE = YES_ERROR;
				CLANG_WARN_DOCUMENTATION_COMMENTS = YES;
				CLANG_WARN_EMPTY_BODY = YES;
				CLANG_WARN_ENUM_CONVERSION = YES;
				CLANG_WARN_INFINITE_RECURSION = YES;
				CLANG_WARN_INT_CONVERSION = YES;
				CLANG_WARN_NON_LITERAL_NULL_CONVERSION = YES;
				CLANG_WARN_OBJC_IMPLICIT_RETAIN_SELF = YES;
				CLANG_WARN_OBJC_LITERAL_CONVERSION = YES;
				CLANG_WARN_OBJC_ROOT_CLASS = YES_ERROR;
				CLANG_WARN_QUOTED_INCLUDE_IN_FRAMEWORK_HEADER = YES;
				CLANG_WARN_RANGE_LOOP_ANALYSIS = YES;
				CLANG_WARN_STRICT_PROTOTYPES = YES;
				CLANG_WARN_SUSPICIOUS_MOVE = YES;
				CLANG_WARN_UNGUARDED_AVAILABILITY = YES_AGGRESSIVE;
				CLANG_WARN_UNREACHABLE_CODE = YES;
				CLANG_WARN__DUPLICATE_METHOD_MATCH = YES;
				COPY_PHASE_STRIP = NO;
				DEBUG_INFORMATION_FORMAT = dwarf;
				ENABLE_STRICT_OBJC_MSGSEND = YES;
				ENABLE_TESTABILITY = YES;
				GCC_C_LANGUAGE_STANDARD = gnu11;
				GCC_DYNAMIC_NO_PIC = NO;
				GCC_NO_COMMON_BLOCKS = YES;
				GCC_OPTIMIZATION_LEVEL = 0;
				GCC_PREPROCESSOR_DEFINITIONS = (
					"DEBUG=1",
					"$(inherited)",
				);
				GCC_WARN_64_TO_32_BIT_CONVERSION = YES;
				GCC_WARN_ABOUT_RETURN_TYPE = YES_ERROR;
				GCC_WARN_UNDECLARED_SELECTOR = YES;
				GCC_WARN_UNINITIALIZED_AUTOS = YES_AGGRESSIVE;
				GCC_WARN_UNUSED_FUNCTION = YES;
				GCC_WARN_UNUSED_VARIABLE = YES;
				IPHONEOS_DEPLOYMENT_TARGET = 14.4;
				MTL_ENABLE_DEBUG_INFO = INCLUDE_SOURCE;
				MTL_FAST_MATH = YES;
				ONLY_ACTIVE_ARCH = YES;
				SDKROOT = iphoneos;
			};
			name = Debug;
		};
		C71FAFA42660E70200CDBCAF /* Release */ = {
			isa = XCBuildConfiguration;
			buildSettings = {
				ALWAYS_SEARCH_USER_PATHS = NO;
				CLANG_ANALYZER_NONNULL = YES;
				CLANG_ANALYZER_NUMBER_OBJECT_CONVERSION = YES_AGGRESSIVE;
				CLANG_CXX_LANGUAGE_STANDARD = "gnu++14";
				CLANG_CXX_LIBRARY = "libc++";
				CLANG_ENABLE_MODULES = YES;
				CLANG_ENABLE_OBJC_ARC = YES;
				CLANG_ENABLE_OBJC_WEAK = YES;
				CLANG_WARN_BLOCK_CAPTURE_AUTORELEASING = YES;
				CLANG_WARN_BOOL_CONVERSION = YES;
				CLANG_WARN_COMMA = YES;
				CLANG_WARN_CONSTANT_CONVERSION = YES;
				CLANG_WARN_DEPRECATED_OBJC_IMPLEMENTATIONS = YES;
				CLANG_WARN_DIRECT_OBJC_ISA_USAGE = YES_ERROR;
				CLANG_WARN_DOCUMENTATION_COMMENTS = YES;
				CLANG_WARN_EMPTY_BODY = YES;
				CLANG_WARN_ENUM_CONVERSION = YES;
				CLANG_WARN_INFINITE_RECURSION = YES;
				CLANG_WARN_INT_CONVERSION = YES;
				CLANG_WARN_NON_LITERAL_NULL_CONVERSION = YES;
				CLANG_WARN_OBJC_IMPLICIT_RETAIN_SELF = YES;
				CLANG_WARN_OBJC_LITERAL_CONVERSION = YES;
				CLANG_WARN_OBJC_ROOT_CLASS = YES_ERROR;
				CLANG_WARN_QUOTED_INCLUDE_IN_FRAMEWORK_HEADER = YES;
				CLANG_WARN_RANGE_LOOP_ANALYSIS = YES;
				CLANG_WARN_STRICT_PROTOTYPES = YES;
				CLANG_WARN_SUSPICIOUS_MOVE = YES;
				CLANG_WARN_UNGUARDED_AVAILABILITY = YES_AGGRESSIVE;
				CLANG_WARN_UNREACHABLE_CODE = YES;
				CLANG_WARN__DUPLICATE_METHOD_MATCH = YES;
				COPY_PHASE_STRIP = NO;
				DEBUG_INFORMATION_FORMAT = "dwarf-with-dsym";
				ENABLE_NS_ASSERTIONS = NO;
				ENABLE_STRICT_OBJC_MSGSEND = YES;
				GCC_C_LANGUAGE_STANDARD = gnu11;
				GCC_NO_COMMON_BLOCKS = YES;
				GCC_WARN_64_TO_32_BIT_CONVERSION = YES;
				GCC_WARN_ABOUT_RETURN_TYPE = YES_ERROR;
				GCC_WARN_UNDECLARED_SELECTOR = YES;
				GCC_WARN_UNINITIALIZED_AUTOS = YES_AGGRESSIVE;
				GCC_WARN_UNUSED_FUNCTION = YES;
				GCC_WARN_UNUSED_VARIABLE = YES;
				IPHONEOS_DEPLOYMENT_TARGET = 14.4;
				MTL_ENABLE_DEBUG_INFO = NO;
				MTL_FAST_MATH = YES;
				SDKROOT = iphoneos;
				VALIDATE_PRODUCT = YES;
			};
			name = Release;
		};
		C71FAFA62660E70200CDBCAF /* Debug */ = {
			isa = XCBuildConfiguration;
			buildSettings = {
				ASSETCATALOG_COMPILER_APPICON_NAME = AppIcon;
				ASSETCATALOG_COMPILER_GLOBAL_ACCENT_COLOR_NAME = AccentColor;
				CODE_SIGN_STYLE = Automatic;
				DEVELOPMENT_TEAM = 9759AH2CN6;
				INFOPLIST_FILE = testLib/Info.plist;
				LD_RUNPATH_SEARCH_PATHS = (
					"$(inherited)",
					"@executable_path/Frameworks",
				);
				PRODUCT_BUNDLE_IDENTIFIER = cn.enlink.testLib;
				PRODUCT_NAME = "$(TARGET_NAME)";
				TARGETED_DEVICE_FAMILY = "1,2";
			};
			name = Debug;
		};
		C71FAFA72660E70200CDBCAF /* Release */ = {
			isa = XCBuildConfiguration;
			buildSettings = {
				ASSETCATALOG_COMPILER_APPICON_NAME = AppIcon;
				ASSETCATALOG_COMPILER_GLOBAL_ACCENT_COLOR_NAME = AccentColor;
				CODE_SIGN_STYLE = Automatic;
				DEVELOPMENT_TEAM = 9759AH2CN6;
				INFOPLIST_FILE = testLib/Info.plist;
				LD_RUNPATH_SEARCH_PATHS = (
					"$(inherited)",
					"@executable_path/Frameworks",
				);
				PRODUCT_BUNDLE_IDENTIFIER = cn.enlink.testLib;
				PRODUCT_NAME = "$(TARGET_NAME)";
				TARGETED_DEVICE_FAMILY = "1,2";
			};
			name = Release;
		};
/* End XCBuildConfiguration section */

/* Begin XCConfigurationList section */
		C71FAF872660E6FF00CDBCAF /* Build configuration list for PBXProject "testLib" */ = {
			isa = XCConfigurationList;
			buildConfigurations = (
				C71FAFA32660E70200CDBCAF /* Debug */,
				C71FAFA42660E70200CDBCAF /* Release */,
			);
			defaultConfigurationIsVisible = 0;
			defaultConfigurationName = Release;
		};
		C71FAFA52660E70200CDBCAF /* Build configuration list for PBXNativeTarget "testLib" */ = {
			isa = XCConfigurationList;
			buildConfigurations = (
				C71FAFA62660E70200CDBCAF /* Debug */,
				C71FAFA72660E70200CDBCAF /* Release */,
			);
			defaultConfigurationIsVisible = 0;
			defaultConfigurationName = Release;
		};
/* End XCConfigurationList section */
	};
	rootObject = C71FAF842660E6FF00CDBCAF /* Project object */;
}
